
Microsoft Visual Studio Solution File, Format Version 12.00
# Visual Studio Version 16
VisualStudioVersion = 16.0.29613.14
MinimumVisualStudioVersion = 10.0.40219.1
Project("{FAE04EC0-301F-11D3-BF4B-00C04F79EFBC}") = "piggyBank", "piggyBank.csproj", "{17068D55-A3CD-4881-A833-2F5756678C1B}"
EndProject
Global
	GlobalSection(SolutionConfigurationPlatforms) = preSolution
		Debug|Any CPU = Debug|Any CPU
		Release|Any CPU = Release|Any CPU
	EndGlobalSection
	GlobalSection(ProjectConfigurationPlatforms) = postSolution
		{17068D55-A3CD-4881-A833-2F5756678C1B}.Debug|Any CPU.ActiveCfg = Debug|Any CPU
		{17068D55-A3CD-4881-A833-2F5756678C1B}.Debug|Any CPU.Build.0 = Debug|Any CPU
		{17068D55-A3CD-4881-A833-2F5756678C1B}.Release|Any CPU.ActiveCfg = Release|Any CPU
		{17068D55-A3CD-4881-A833-2F5756678C1B}.Release|Any CPU.Build.0 = Release|Any CPU
	EndGlobalSection
	GlobalSection(SolutionProperties) = preSolution
		HideSolutionNode = FALSE
	EndGlobalSection
	GlobalSection(ExtensibilityGlobals) = postSolution
		SolutionGuid = {1F6F0DD2-3F13-4F2E-81B1-A1AF1BF66483}
	EndGlobalSection
EndGlobal
